// !$*UTF8*$!
{
	archiveVersion = 1;
	classes = {
	};
	objectVersion = 55;
	objects = {

/* Begin PBXBuildFile section */
		08466F714936A5CDD1CA0CDC /* Pods_FoodlyTests.framework in Frameworks */ = {isa = PBXBuildFile; fileRef = B318D120B5FB3B617DC7ACB5 /* Pods_FoodlyTests.framework */; };
		7022A425844592C4E265731B /* Pods_Foodly_FoodlyUITests.framework in Frameworks */ = {isa = PBXBuildFile; fileRef = CBC345CF42B2136A673DF34C /* Pods_Foodly_FoodlyUITests.framework */; };
		A30261B32911876700E707C6 /* AppDelegate.swift in Sources */ = {isa = PBXBuildFile; fileRef = A30261B22911876700E707C6 /* AppDelegate.swift */; };
		A30261B52911876700E707C6 /* SceneDelegate.swift in Sources */ = {isa = PBXBuildFile; fileRef = A30261B42911876700E707C6 /* SceneDelegate.swift */; };
		A30261BC2911876900E707C6 /* Assets.xcassets in Resources */ = {isa = PBXBuildFile; fileRef = A30261BB2911876900E707C6 /* Assets.xcassets */; };
		A30261BF2911876900E707C6 /* LaunchScreen.storyboard in Resources */ = {isa = PBXBuildFile; fileRef = A30261BD2911876900E707C6 /* LaunchScreen.storyboard */; };
		A30261CA2911876A00E707C6 /* FoodlyTests.swift in Sources */ = {isa = PBXBuildFile; fileRef = A30261C92911876A00E707C6 /* FoodlyTests.swift */; };
		A30261D42911876A00E707C6 /* FoodlyUITests.swift in Sources */ = {isa = PBXBuildFile; fileRef = A30261D32911876A00E707C6 /* FoodlyUITests.swift */; };
		A30261D62911876A00E707C6 /* FoodlyUITestsLaunchTests.swift in Sources */ = {isa = PBXBuildFile; fileRef = A30261D52911876A00E707C6 /* FoodlyUITestsLaunchTests.swift */; };
		A30261E829118D7600E707C6 /* GetStartedViewController.swift in Sources */ = {isa = PBXBuildFile; fileRef = A30261E729118D7600E707C6 /* GetStartedViewController.swift */; };
		A30261EA29118D9B00E707C6 /* GetStartedView.swift in Sources */ = {isa = PBXBuildFile; fileRef = A30261E929118D9B00E707C6 /* GetStartedView.swift */; };
		A30261ED29118E3E00E707C6 /* UIImage.swift in Sources */ = {isa = PBXBuildFile; fileRef = A30261EC29118E3E00E707C6 /* UIImage.swift */; };
		A30261F129118F6700E707C6 /* Stylable.swift in Sources */ = {isa = PBXBuildFile; fileRef = A30261F029118F6700E707C6 /* Stylable.swift */; };
		A30261F32911903300E707C6 /* UIView.swift in Sources */ = {isa = PBXBuildFile; fileRef = A30261F22911903300E707C6 /* UIView.swift */; };
		A30261F62911926A00E707C6 /* RedButton.swift in Sources */ = {isa = PBXBuildFile; fileRef = A30261F52911926A00E707C6 /* RedButton.swift */; };
		A30261F8291192FC00E707C6 /* UIColor.swift in Sources */ = {isa = PBXBuildFile; fileRef = A30261F7291192FC00E707C6 /* UIColor.swift */; };
		A30261FB2911A21500E707C6 /* Coordinator.swift in Sources */ = {isa = PBXBuildFile; fileRef = A30261FA2911A21500E707C6 /* Coordinator.swift */; };
		A30261FD2911A23F00E707C6 /* BeforeLoginCoordinator.swift in Sources */ = {isa = PBXBuildFile; fileRef = A30261FC2911A23F00E707C6 /* BeforeLoginCoordinator.swift */; };
		A30262012911A3A600E707C6 /* SignUpStep2ViewController.swift in Sources */ = {isa = PBXBuildFile; fileRef = A30262002911A3A600E707C6 /* SignUpStep2ViewController.swift */; };
		A30262032911E32500E707C6 /* SignUpStep2View.swift in Sources */ = {isa = PBXBuildFile; fileRef = A30262022911E32500E707C6 /* SignUpStep2View.swift */; };
		A30262062911E69A00E707C6 /* InputTextField.swift in Sources */ = {isa = PBXBuildFile; fileRef = A30262052911E69A00E707C6 /* InputTextField.swift */; };
		A302620A2911ED0200E707C6 /* SignUpStep2ViewModel.swift in Sources */ = {isa = PBXBuildFile; fileRef = A30262092911ED0200E707C6 /* SignUpStep2ViewModel.swift */; };
		A302620D2911EF1200E707C6 /* AppContainer.swift in Sources */ = {isa = PBXBuildFile; fileRef = A302620C2911EF1200E707C6 /* AppContainer.swift */; };
		A302620F2911F26F00E707C6 /* String.swift in Sources */ = {isa = PBXBuildFile; fileRef = A302620E2911F26F00E707C6 /* String.swift */; };
		A30262122912B86B00E707C6 /* SignUpStep3ViewController.swift in Sources */ = {isa = PBXBuildFile; fileRef = A30262112912B86B00E707C6 /* SignUpStep3ViewController.swift */; };
		A30262142912B95400E707C6 /* SignUpStep3View.swift in Sources */ = {isa = PBXBuildFile; fileRef = A30262132912B95400E707C6 /* SignUpStep3View.swift */; };
		A30262162912BAEB00E707C6 /* SignUpStep3ViewModel.swift in Sources */ = {isa = PBXBuildFile; fileRef = A30262152912BAEB00E707C6 /* SignUpStep3ViewModel.swift */; };
		A302621D2912BF1300E707C6 /* AuthRepository.swift in Sources */ = {isa = PBXBuildFile; fileRef = A302621C2912BF1300E707C6 /* AuthRepository.swift */; };
		A302621F2912BF5F00E707C6 /* DefaultAuthRepository.swift in Sources */ = {isa = PBXBuildFile; fileRef = A302621E2912BF5F00E707C6 /* DefaultAuthRepository.swift */; };
		A30262242912C11B00E707C6 /* AuthUseCase.swift in Sources */ = {isa = PBXBuildFile; fileRef = A30262232912C11B00E707C6 /* AuthUseCase.swift */; };
		A30262262912DA6000E707C6 /* GoogleService-Info.plist in Resources */ = {isa = PBXBuildFile; fileRef = A30262252912DA6000E707C6 /* GoogleService-Info.plist */; };
		A302622A2912DBEC00E707C6 /* Alert.swift in Sources */ = {isa = PBXBuildFile; fileRef = A30262292912DBEC00E707C6 /* Alert.swift */; };
		A302622F2912E32A00E707C6 /* SignUpStep1View.swift in Sources */ = {isa = PBXBuildFile; fileRef = A302622E2912E32A00E707C6 /* SignUpStep1View.swift */; };
		A30262312912E33400E707C6 /* SignUpStep1ViewController.swift in Sources */ = {isa = PBXBuildFile; fileRef = A30262302912E33400E707C6 /* SignUpStep1ViewController.swift */; };
		A30262332912E4C400E707C6 /* SignUpStep1ViewModel.swift in Sources */ = {isa = PBXBuildFile; fileRef = A30262322912E4C400E707C6 /* SignUpStep1ViewModel.swift */; };
		A30262362912E6E200E707C6 /* UserPhoto.swift in Sources */ = {isa = PBXBuildFile; fileRef = A30262352912E6E200E707C6 /* UserPhoto.swift */; };
		A30262382912F77900E707C6 /* UserRepository.swift in Sources */ = {isa = PBXBuildFile; fileRef = A30262372912F77900E707C6 /* UserRepository.swift */; };
		A302623A2912F7CC00E707C6 /* DefaultUserRepository.swift in Sources */ = {isa = PBXBuildFile; fileRef = A30262392912F7CC00E707C6 /* DefaultUserRepository.swift */; };
		A302623D2912F85500E707C6 /* FirebaseError.swift in Sources */ = {isa = PBXBuildFile; fileRef = A302623C2912F85500E707C6 /* FirebaseError.swift */; };
		A30262402912F9CF00E707C6 /* UserEntity.swift in Sources */ = {isa = PBXBuildFile; fileRef = A302623F2912F9CF00E707C6 /* UserEntity.swift */; };
		A30262432912FA1500E707C6 /* UserModel.swift in Sources */ = {isa = PBXBuildFile; fileRef = A30262422912FA1500E707C6 /* UserModel.swift */; };
		A30262462912FA6200E707C6 /* UserModelBuilder.swift in Sources */ = {isa = PBXBuildFile; fileRef = A30262452912FA6200E707C6 /* UserModelBuilder.swift */; };
		A30262482912FC8D00E707C6 /* UserUseCase.swift in Sources */ = {isa = PBXBuildFile; fileRef = A30262472912FC8D00E707C6 /* UserUseCase.swift */; };
		A302624B2912FE2800E707C6 /* User.swift in Sources */ = {isa = PBXBuildFile; fileRef = A302624A2912FE2800E707C6 /* User.swift */; };
		A302624D29130B4900E707C6 /* AfterLoginCoordinator.swift in Sources */ = {isa = PBXBuildFile; fileRef = A302624C29130B4900E707C6 /* AfterLoginCoordinator.swift */; };
		A302624F29130BB500E707C6 /* EventBeforeLogin.swift in Sources */ = {isa = PBXBuildFile; fileRef = A302624E29130BB500E707C6 /* EventBeforeLogin.swift */; };
		A302625129130BDF00E707C6 /* EventAfterLogin.swift in Sources */ = {isa = PBXBuildFile; fileRef = A302625029130BDF00E707C6 /* EventAfterLogin.swift */; };
		A302625329130C9C00E707C6 /* AfterLoginViewController.swift in Sources */ = {isa = PBXBuildFile; fileRef = A302625229130C9C00E707C6 /* AfterLoginViewController.swift */; };
		A302625A29130FF900E707C6 /* HomeViewController.swift in Sources */ = {isa = PBXBuildFile; fileRef = A302625929130FF900E707C6 /* HomeViewController.swift */; };
		A302625C2913101800E707C6 /* SearchViewController.swift in Sources */ = {isa = PBXBuildFile; fileRef = A302625B2913101800E707C6 /* SearchViewController.swift */; };
		A302625E2913102E00E707C6 /* PerfilViewController.swift in Sources */ = {isa = PBXBuildFile; fileRef = A302625D2913102E00E707C6 /* PerfilViewController.swift */; };
		A302626029132EC700E707C6 /* PerfilView.swift in Sources */ = {isa = PBXBuildFile; fileRef = A302625F29132EC700E707C6 /* PerfilView.swift */; };
		A30262632913361400E707C6 /* PerfilTableViewCell.swift in Sources */ = {isa = PBXBuildFile; fileRef = A30262622913361400E707C6 /* PerfilTableViewCell.swift */; };
		A30262652913398F00E707C6 /* PerfilViewModel.swift in Sources */ = {isa = PBXBuildFile; fileRef = A30262642913398F00E707C6 /* PerfilViewModel.swift */; };
		A3026267291339FE00E707C6 /* PerfilTableViewCellModel.swift in Sources */ = {isa = PBXBuildFile; fileRef = A3026266291339FE00E707C6 /* PerfilTableViewCellModel.swift */; };
		A302626929133D2800E707C6 /* BlackButton.swift in Sources */ = {isa = PBXBuildFile; fileRef = A302626829133D2800E707C6 /* BlackButton.swift */; };
		A302626B2913441300E707C6 /* PerfilTableViewCellType.swift in Sources */ = {isa = PBXBuildFile; fileRef = A302626A2913441300E707C6 /* PerfilTableViewCellType.swift */; };
		A302626D2914492600E707C6 /* HomeView.swift in Sources */ = {isa = PBXBuildFile; fileRef = A302626C2914492600E707C6 /* HomeView.swift */; };
		A302627029144BC000E707C6 /* EnjoyCard.swift in Sources */ = {isa = PBXBuildFile; fileRef = A302626F29144BC000E707C6 /* EnjoyCard.swift */; };
		A302627229147C8000E707C6 /* EnjoyCardDetails.swift in Sources */ = {isa = PBXBuildFile; fileRef = A302627129147C8000E707C6 /* EnjoyCardDetails.swift */; };
		A30262762915DB8400E707C6 /* EnjoyDetailsViewController.swift in Sources */ = {isa = PBXBuildFile; fileRef = A30262752915DB8400E707C6 /* EnjoyDetailsViewController.swift */; };
		A30262782915E2BB00E707C6 /* FiltersCollectionViewCell.swift in Sources */ = {isa = PBXBuildFile; fileRef = A30262772915E2BB00E707C6 /* FiltersCollectionViewCell.swift */; };
		A302627C2915EEEE00E707C6 /* HomeViewModel.swift in Sources */ = {isa = PBXBuildFile; fileRef = A302627B2915EEEE00E707C6 /* HomeViewModel.swift */; };
		A302627E2916B03600E707C6 /* SearchView.swift in Sources */ = {isa = PBXBuildFile; fileRef = A302627D2916B03600E707C6 /* SearchView.swift */; };
		A30262832916C2F000E707C6 /* SearchBar.swift in Sources */ = {isa = PBXBuildFile; fileRef = A30262822916C2F000E707C6 /* SearchBar.swift */; };
		A30262852916CA2400E707C6 /* CategoryCollectionViewCell.swift in Sources */ = {isa = PBXBuildFile; fileRef = A30262842916CA2400E707C6 /* CategoryCollectionViewCell.swift */; };
		A30262872916D0F100E707C6 /* SearchViewModel.swift in Sources */ = {isa = PBXBuildFile; fileRef = A30262862916D0F100E707C6 /* SearchViewModel.swift */; };
		A30262892916DC5900E707C6 /* Category.swift in Sources */ = {isa = PBXBuildFile; fileRef = A30262882916DC5900E707C6 /* Category.swift */; };
		A302628B2916FB0D00E707C6 /* CategoryType.swift in Sources */ = {isa = PBXBuildFile; fileRef = A302628A2916FB0D00E707C6 /* CategoryType.swift */; };
		A302628F29170B3500E707C6 /* Constants.swift in Sources */ = {isa = PBXBuildFile; fileRef = A302628E29170B3500E707C6 /* Constants.swift */; };
		A3026291291712B500E707C6 /* SearchRepository.swift in Sources */ = {isa = PBXBuildFile; fileRef = A3026290291712B500E707C6 /* SearchRepository.swift */; };
		A30262932917134400E707C6 /* DefaultSearchRepository.swift in Sources */ = {isa = PBXBuildFile; fileRef = A30262922917134400E707C6 /* DefaultSearchRepository.swift */; };
		A302629529171D9900E707C6 /* RestaurantEntity.swift in Sources */ = {isa = PBXBuildFile; fileRef = A302629429171D9900E707C6 /* RestaurantEntity.swift */; };
		A302629729171E5300E707C6 /* AddressEntity.swift in Sources */ = {isa = PBXBuildFile; fileRef = A302629629171E5300E707C6 /* AddressEntity.swift */; };
		A30262992917279400E707C6 /* PositionEntity.swift in Sources */ = {isa = PBXBuildFile; fileRef = A30262982917279400E707C6 /* PositionEntity.swift */; };
		A302629B29172F3500E707C6 /* RestaurantModel.swift in Sources */ = {isa = PBXBuildFile; fileRef = A302629A29172F3500E707C6 /* RestaurantModel.swift */; };
		A302629D29172F5C00E707C6 /* AddressModel.swift in Sources */ = {isa = PBXBuildFile; fileRef = A302629C29172F5C00E707C6 /* AddressModel.swift */; };
		A302629F29172F7F00E707C6 /* PositionModel.swift in Sources */ = {isa = PBXBuildFile; fileRef = A302629E29172F7F00E707C6 /* PositionModel.swift */; };
		A30262A12917302200E707C6 /* SearchUseCase.swift in Sources */ = {isa = PBXBuildFile; fileRef = A30262A02917302200E707C6 /* SearchUseCase.swift */; };
		A30262A3291734F800E707C6 /* RestaurantTableViewCell.swift in Sources */ = {isa = PBXBuildFile; fileRef = A30262A2291734F800E707C6 /* RestaurantTableViewCell.swift */; };
		A30262A52918577F00E707C6 /* RestaurantModelBuilder.swift in Sources */ = {isa = PBXBuildFile; fileRef = A30262A42918577F00E707C6 /* RestaurantModelBuilder.swift */; };
		A30262A729185A2A00E707C6 /* PositionModelBuilder.swift in Sources */ = {isa = PBXBuildFile; fileRef = A30262A629185A2A00E707C6 /* PositionModelBuilder.swift */; };
		A30262A929185AF800E707C6 /* AddressModelBuilder.swift in Sources */ = {isa = PBXBuildFile; fileRef = A30262A829185AF800E707C6 /* AddressModelBuilder.swift */; };
		A30262AB29185CDB00E707C6 /* RestaurantPoiModelBuilder.swift in Sources */ = {isa = PBXBuildFile; fileRef = A30262AA29185CDB00E707C6 /* RestaurantPoiModelBuilder.swift */; };
		A30262AD291864AD00E707C6 /* Restaurant.swift in Sources */ = {isa = PBXBuildFile; fileRef = A30262AC291864AD00E707C6 /* Restaurant.swift */; };
		A30262AF29192EBF00E707C6 /* RestaurantPoi.swift in Sources */ = {isa = PBXBuildFile; fileRef = A30262AE29192EBF00E707C6 /* RestaurantPoi.swift */; };
		A30262B129192F2200E707C6 /* Address.swift in Sources */ = {isa = PBXBuildFile; fileRef = A30262B029192F2200E707C6 /* Address.swift */; };
		A30262B329192F9500E707C6 /* Position.swift in Sources */ = {isa = PBXBuildFile; fileRef = A30262B229192F9500E707C6 /* Position.swift */; };
		A30262B529197A3B00E707C6 /* CLLocation.swift in Sources */ = {isa = PBXBuildFile; fileRef = A30262B429197A3B00E707C6 /* CLLocation.swift */; };
		FBFDC5D9FC387E54F670EDFD /* Pods_Foodly.framework in Frameworks */ = {isa = PBXBuildFile; fileRef = EE8F6C83406E13854C79C4FA /* Pods_Foodly.framework */; };
/* End PBXBuildFile section */

/* Begin PBXContainerItemProxy section */
		A30261C62911876A00E707C6 /* PBXContainerItemProxy */ = {
			isa = PBXContainerItemProxy;
			containerPortal = A30261A72911876700E707C6 /* Project object */;
			proxyType = 1;
			remoteGlobalIDString = A30261AE2911876700E707C6;
			remoteInfo = Foodly;
		};
		A30261D02911876A00E707C6 /* PBXContainerItemProxy */ = {
			isa = PBXContainerItemProxy;
			containerPortal = A30261A72911876700E707C6 /* Project object */;
			proxyType = 1;
			remoteGlobalIDString = A30261AE2911876700E707C6;
			remoteInfo = Foodly;
		};
/* End PBXContainerItemProxy section */

/* Begin PBXFileReference section */
		280B83A1EB1F41BCBCB2C1A3 /* Pods-Foodly-FoodlyUITests.release.xcconfig */ = {isa = PBXFileReference; includeInIndex = 1; lastKnownFileType = text.xcconfig; name = "Pods-Foodly-FoodlyUITests.release.xcconfig"; path = "Target Support Files/Pods-Foodly-FoodlyUITests/Pods-Foodly-FoodlyUITests.release.xcconfig"; sourceTree = "<group>"; };
		55CBC6F5DFE2CD4E7A6B4ED8 /* Pods-FoodlyTests.release.xcconfig */ = {isa = PBXFileReference; includeInIndex = 1; lastKnownFileType = text.xcconfig; name = "Pods-FoodlyTests.release.xcconfig"; path = "Target Support Files/Pods-FoodlyTests/Pods-FoodlyTests.release.xcconfig"; sourceTree = "<group>"; };
		8051A37C8D424F49B6544963 /* Pods-Foodly.release.xcconfig */ = {isa = PBXFileReference; includeInIndex = 1; lastKnownFileType = text.xcconfig; name = "Pods-Foodly.release.xcconfig"; path = "Target Support Files/Pods-Foodly/Pods-Foodly.release.xcconfig"; sourceTree = "<group>"; };
		A30261AF2911876700E707C6 /* Foodly.app */ = {isa = PBXFileReference; explicitFileType = wrapper.application; includeInIndex = 0; path = Foodly.app; sourceTree = BUILT_PRODUCTS_DIR; };
		A30261B22911876700E707C6 /* AppDelegate.swift */ = {isa = PBXFileReference; lastKnownFileType = sourcecode.swift; path = AppDelegate.swift; sourceTree = "<group>"; };
		A30261B42911876700E707C6 /* SceneDelegate.swift */ = {isa = PBXFileReference; lastKnownFileType = sourcecode.swift; path = SceneDelegate.swift; sourceTree = "<group>"; };
		A30261BB2911876900E707C6 /* Assets.xcassets */ = {isa = PBXFileReference; lastKnownFileType = folder.assetcatalog; path = Assets.xcassets; sourceTree = "<group>"; };
		A30261BE2911876900E707C6 /* Base */ = {isa = PBXFileReference; lastKnownFileType = file.storyboard; name = Base; path = Base.lproj/LaunchScreen.storyboard; sourceTree = "<group>"; };
		A30261C02911876900E707C6 /* Info.plist */ = {isa = PBXFileReference; lastKnownFileType = text.plist.xml; path = Info.plist; sourceTree = "<group>"; };
		A30261C52911876A00E707C6 /* FoodlyTests.xctest */ = {isa = PBXFileReference; explicitFileType = wrapper.cfbundle; includeInIndex = 0; path = FoodlyTests.xctest; sourceTree = BUILT_PRODUCTS_DIR; };
		A30261C92911876A00E707C6 /* FoodlyTests.swift */ = {isa = PBXFileReference; lastKnownFileType = sourcecode.swift; path = FoodlyTests.swift; sourceTree = "<group>"; };
		A30261CF2911876A00E707C6 /* FoodlyUITests.xctest */ = {isa = PBXFileReference; explicitFileType = wrapper.cfbundle; includeInIndex = 0; path = FoodlyUITests.xctest; sourceTree = BUILT_PRODUCTS_DIR; };
		A30261D32911876A00E707C6 /* FoodlyUITests.swift */ = {isa = PBXFileReference; lastKnownFileType = sourcecode.swift; path = FoodlyUITests.swift; sourceTree = "<group>"; };
		A30261D52911876A00E707C6 /* FoodlyUITestsLaunchTests.swift */ = {isa = PBXFileReference; lastKnownFileType = sourcecode.swift; path = FoodlyUITestsLaunchTests.swift; sourceTree = "<group>"; };
		A30261E729118D7600E707C6 /* GetStartedViewController.swift */ = {isa = PBXFileReference; lastKnownFileType = sourcecode.swift; path = GetStartedViewController.swift; sourceTree = "<group>"; };
		A30261E929118D9B00E707C6 /* GetStartedView.swift */ = {isa = PBXFileReference; lastKnownFileType = sourcecode.swift; path = GetStartedView.swift; sourceTree = "<group>"; };
		A30261EC29118E3E00E707C6 /* UIImage.swift */ = {isa = PBXFileReference; lastKnownFileType = sourcecode.swift; path = UIImage.swift; sourceTree = "<group>"; };
		A30261F029118F6700E707C6 /* Stylable.swift */ = {isa = PBXFileReference; lastKnownFileType = sourcecode.swift; path = Stylable.swift; sourceTree = "<group>"; };
		A30261F22911903300E707C6 /* UIView.swift */ = {isa = PBXFileReference; lastKnownFileType = sourcecode.swift; path = UIView.swift; sourceTree = "<group>"; };
		A30261F52911926A00E707C6 /* RedButton.swift */ = {isa = PBXFileReference; lastKnownFileType = sourcecode.swift; path = RedButton.swift; sourceTree = "<group>"; };
		A30261F7291192FC00E707C6 /* UIColor.swift */ = {isa = PBXFileReference; lastKnownFileType = sourcecode.swift; path = UIColor.swift; sourceTree = "<group>"; };
		A30261FA2911A21500E707C6 /* Coordinator.swift */ = {isa = PBXFileReference; lastKnownFileType = sourcecode.swift; path = Coordinator.swift; sourceTree = "<group>"; };
		A30261FC2911A23F00E707C6 /* BeforeLoginCoordinator.swift */ = {isa = PBXFileReference; lastKnownFileType = sourcecode.swift; path = BeforeLoginCoordinator.swift; sourceTree = "<group>"; };
		A30262002911A3A600E707C6 /* SignUpStep2ViewController.swift */ = {isa = PBXFileReference; lastKnownFileType = sourcecode.swift; path = SignUpStep2ViewController.swift; sourceTree = "<group>"; };
		A30262022911E32500E707C6 /* SignUpStep2View.swift */ = {isa = PBXFileReference; lastKnownFileType = sourcecode.swift; path = SignUpStep2View.swift; sourceTree = "<group>"; };
		A30262052911E69A00E707C6 /* InputTextField.swift */ = {isa = PBXFileReference; lastKnownFileType = sourcecode.swift; path = InputTextField.swift; sourceTree = "<group>"; };
		A30262092911ED0200E707C6 /* SignUpStep2ViewModel.swift */ = {isa = PBXFileReference; lastKnownFileType = sourcecode.swift; path = SignUpStep2ViewModel.swift; sourceTree = "<group>"; };
		A302620C2911EF1200E707C6 /* AppContainer.swift */ = {isa = PBXFileReference; lastKnownFileType = sourcecode.swift; path = AppContainer.swift; sourceTree = "<group>"; };
		A302620E2911F26F00E707C6 /* String.swift */ = {isa = PBXFileReference; lastKnownFileType = sourcecode.swift; path = String.swift; sourceTree = "<group>"; };
		A30262112912B86B00E707C6 /* SignUpStep3ViewController.swift */ = {isa = PBXFileReference; lastKnownFileType = sourcecode.swift; path = SignUpStep3ViewController.swift; sourceTree = "<group>"; };
		A30262132912B95400E707C6 /* SignUpStep3View.swift */ = {isa = PBXFileReference; lastKnownFileType = sourcecode.swift; path = SignUpStep3View.swift; sourceTree = "<group>"; };
		A30262152912BAEB00E707C6 /* SignUpStep3ViewModel.swift */ = {isa = PBXFileReference; lastKnownFileType = sourcecode.swift; path = SignUpStep3ViewModel.swift; sourceTree = "<group>"; };
		A302621C2912BF1300E707C6 /* AuthRepository.swift */ = {isa = PBXFileReference; lastKnownFileType = sourcecode.swift; path = AuthRepository.swift; sourceTree = "<group>"; };
		A302621E2912BF5F00E707C6 /* DefaultAuthRepository.swift */ = {isa = PBXFileReference; lastKnownFileType = sourcecode.swift; path = DefaultAuthRepository.swift; sourceTree = "<group>"; };
		A30262232912C11B00E707C6 /* AuthUseCase.swift */ = {isa = PBXFileReference; lastKnownFileType = sourcecode.swift; path = AuthUseCase.swift; sourceTree = "<group>"; };
		A30262252912DA6000E707C6 /* GoogleService-Info.plist */ = {isa = PBXFileReference; fileEncoding = 4; lastKnownFileType = text.plist.xml; path = "GoogleService-Info.plist"; sourceTree = "<group>"; };
		A30262292912DBEC00E707C6 /* Alert.swift */ = {isa = PBXFileReference; lastKnownFileType = sourcecode.swift; path = Alert.swift; sourceTree = "<group>"; };
		A302622E2912E32A00E707C6 /* SignUpStep1View.swift */ = {isa = PBXFileReference; lastKnownFileType = sourcecode.swift; path = SignUpStep1View.swift; sourceTree = "<group>"; };
		A30262302912E33400E707C6 /* SignUpStep1ViewController.swift */ = {isa = PBXFileReference; lastKnownFileType = sourcecode.swift; path = SignUpStep1ViewController.swift; sourceTree = "<group>"; };
		A30262322912E4C400E707C6 /* SignUpStep1ViewModel.swift */ = {isa = PBXFileReference; lastKnownFileType = sourcecode.swift; path = SignUpStep1ViewModel.swift; sourceTree = "<group>"; };
		A30262352912E6E200E707C6 /* UserPhoto.swift */ = {isa = PBXFileReference; lastKnownFileType = sourcecode.swift; path = UserPhoto.swift; sourceTree = "<group>"; };
		A30262372912F77900E707C6 /* UserRepository.swift */ = {isa = PBXFileReference; lastKnownFileType = sourcecode.swift; path = UserRepository.swift; sourceTree = "<group>"; };
		A30262392912F7CC00E707C6 /* DefaultUserRepository.swift */ = {isa = PBXFileReference; lastKnownFileType = sourcecode.swift; path = DefaultUserRepository.swift; sourceTree = "<group>"; };
		A302623C2912F85500E707C6 /* FirebaseError.swift */ = {isa = PBXFileReference; lastKnownFileType = sourcecode.swift; path = FirebaseError.swift; sourceTree = "<group>"; };
		A302623F2912F9CF00E707C6 /* UserEntity.swift */ = {isa = PBXFileReference; lastKnownFileType = sourcecode.swift; path = UserEntity.swift; sourceTree = "<group>"; };
		A30262422912FA1500E707C6 /* UserModel.swift */ = {isa = PBXFileReference; lastKnownFileType = sourcecode.swift; path = UserModel.swift; sourceTree = "<group>"; };
		A30262452912FA6200E707C6 /* UserModelBuilder.swift */ = {isa = PBXFileReference; lastKnownFileType = sourcecode.swift; path = UserModelBuilder.swift; sourceTree = "<group>"; };
		A30262472912FC8D00E707C6 /* UserUseCase.swift */ = {isa = PBXFileReference; lastKnownFileType = sourcecode.swift; path = UserUseCase.swift; sourceTree = "<group>"; };
		A302624A2912FE2800E707C6 /* User.swift */ = {isa = PBXFileReference; lastKnownFileType = sourcecode.swift; path = User.swift; sourceTree = "<group>"; };
		A302624C29130B4900E707C6 /* AfterLoginCoordinator.swift */ = {isa = PBXFileReference; lastKnownFileType = sourcecode.swift; path = AfterLoginCoordinator.swift; sourceTree = "<group>"; };
		A302624E29130BB500E707C6 /* EventBeforeLogin.swift */ = {isa = PBXFileReference; lastKnownFileType = sourcecode.swift; path = EventBeforeLogin.swift; sourceTree = "<group>"; };
		A302625029130BDF00E707C6 /* EventAfterLogin.swift */ = {isa = PBXFileReference; lastKnownFileType = sourcecode.swift; path = EventAfterLogin.swift; sourceTree = "<group>"; };
		A302625229130C9C00E707C6 /* AfterLoginViewController.swift */ = {isa = PBXFileReference; lastKnownFileType = sourcecode.swift; path = AfterLoginViewController.swift; sourceTree = "<group>"; };
		A302625929130FF900E707C6 /* HomeViewController.swift */ = {isa = PBXFileReference; lastKnownFileType = sourcecode.swift; path = HomeViewController.swift; sourceTree = "<group>"; };
		A302625B2913101800E707C6 /* SearchViewController.swift */ = {isa = PBXFileReference; lastKnownFileType = sourcecode.swift; path = SearchViewController.swift; sourceTree = "<group>"; };
		A302625D2913102E00E707C6 /* PerfilViewController.swift */ = {isa = PBXFileReference; lastKnownFileType = sourcecode.swift; path = PerfilViewController.swift; sourceTree = "<group>"; };
		A302625F29132EC700E707C6 /* PerfilView.swift */ = {isa = PBXFileReference; lastKnownFileType = sourcecode.swift; path = PerfilView.swift; sourceTree = "<group>"; };
		A30262622913361400E707C6 /* PerfilTableViewCell.swift */ = {isa = PBXFileReference; lastKnownFileType = sourcecode.swift; path = PerfilTableViewCell.swift; sourceTree = "<group>"; };
		A30262642913398F00E707C6 /* PerfilViewModel.swift */ = {isa = PBXFileReference; lastKnownFileType = sourcecode.swift; path = PerfilViewModel.swift; sourceTree = "<group>"; };
		A3026266291339FE00E707C6 /* PerfilTableViewCellModel.swift */ = {isa = PBXFileReference; lastKnownFileType = sourcecode.swift; path = PerfilTableViewCellModel.swift; sourceTree = "<group>"; };
		A302626829133D2800E707C6 /* BlackButton.swift */ = {isa = PBXFileReference; lastKnownFileType = sourcecode.swift; path = BlackButton.swift; sourceTree = "<group>"; };
		A302626A2913441300E707C6 /* PerfilTableViewCellType.swift */ = {isa = PBXFileReference; lastKnownFileType = sourcecode.swift; path = PerfilTableViewCellType.swift; sourceTree = "<group>"; };
		A302626C2914492600E707C6 /* HomeView.swift */ = {isa = PBXFileReference; lastKnownFileType = sourcecode.swift; path = HomeView.swift; sourceTree = "<group>"; };
		A302626F29144BC000E707C6 /* EnjoyCard.swift */ = {isa = PBXFileReference; lastKnownFileType = sourcecode.swift; path = EnjoyCard.swift; sourceTree = "<group>"; };
		A302627129147C8000E707C6 /* EnjoyCardDetails.swift */ = {isa = PBXFileReference; lastKnownFileType = sourcecode.swift; path = EnjoyCardDetails.swift; sourceTree = "<group>"; };
		A30262752915DB8400E707C6 /* EnjoyDetailsViewController.swift */ = {isa = PBXFileReference; lastKnownFileType = sourcecode.swift; path = EnjoyDetailsViewController.swift; sourceTree = "<group>"; };
		A30262772915E2BB00E707C6 /* FiltersCollectionViewCell.swift */ = {isa = PBXFileReference; lastKnownFileType = sourcecode.swift; path = FiltersCollectionViewCell.swift; sourceTree = "<group>"; };
		A302627B2915EEEE00E707C6 /* HomeViewModel.swift */ = {isa = PBXFileReference; lastKnownFileType = sourcecode.swift; path = HomeViewModel.swift; sourceTree = "<group>"; };
		A302627D2916B03600E707C6 /* SearchView.swift */ = {isa = PBXFileReference; lastKnownFileType = sourcecode.swift; path = SearchView.swift; sourceTree = "<group>"; };
		A30262822916C2F000E707C6 /* SearchBar.swift */ = {isa = PBXFileReference; lastKnownFileType = sourcecode.swift; path = SearchBar.swift; sourceTree = "<group>"; };
		A30262842916CA2400E707C6 /* CategoryCollectionViewCell.swift */ = {isa = PBXFileReference; lastKnownFileType = sourcecode.swift; path = CategoryCollectionViewCell.swift; sourceTree = "<group>"; };
		A30262862916D0F100E707C6 /* SearchViewModel.swift */ = {isa = PBXFileReference; lastKnownFileType = sourcecode.swift; path = SearchViewModel.swift; sourceTree = "<group>"; };
		A30262882916DC5900E707C6 /* Category.swift */ = {isa = PBXFileReference; lastKnownFileType = sourcecode.swift; path = Category.swift; sourceTree = "<group>"; };
		A302628A2916FB0D00E707C6 /* CategoryType.swift */ = {isa = PBXFileReference; lastKnownFileType = sourcecode.swift; path = CategoryType.swift; sourceTree = "<group>"; };
		A302628E29170B3500E707C6 /* Constants.swift */ = {isa = PBXFileReference; lastKnownFileType = sourcecode.swift; path = Constants.swift; sourceTree = "<group>"; };
		A3026290291712B500E707C6 /* SearchRepository.swift */ = {isa = PBXFileReference; lastKnownFileType = sourcecode.swift; path = SearchRepository.swift; sourceTree = "<group>"; };
		A30262922917134400E707C6 /* DefaultSearchRepository.swift */ = {isa = PBXFileReference; lastKnownFileType = sourcecode.swift; path = DefaultSearchRepository.swift; sourceTree = "<group>"; };
		A302629429171D9900E707C6 /* RestaurantEntity.swift */ = {isa = PBXFileReference; lastKnownFileType = sourcecode.swift; path = RestaurantEntity.swift; sourceTree = "<group>"; };
		A302629629171E5300E707C6 /* AddressEntity.swift */ = {isa = PBXFileReference; lastKnownFileType = sourcecode.swift; path = AddressEntity.swift; sourceTree = "<group>"; };
		A30262982917279400E707C6 /* PositionEntity.swift */ = {isa = PBXFileReference; lastKnownFileType = sourcecode.swift; path = PositionEntity.swift; sourceTree = "<group>"; };
		A302629A29172F3500E707C6 /* RestaurantModel.swift */ = {isa = PBXFileReference; lastKnownFileType = sourcecode.swift; path = RestaurantModel.swift; sourceTree = "<group>"; };
		A302629C29172F5C00E707C6 /* AddressModel.swift */ = {isa = PBXFileReference; lastKnownFileType = sourcecode.swift; path = AddressModel.swift; sourceTree = "<group>"; };
		A302629E29172F7F00E707C6 /* PositionModel.swift */ = {isa = PBXFileReference; lastKnownFileType = sourcecode.swift; path = PositionModel.swift; sourceTree = "<group>"; };
		A30262A02917302200E707C6 /* SearchUseCase.swift */ = {isa = PBXFileReference; lastKnownFileType = sourcecode.swift; path = SearchUseCase.swift; sourceTree = "<group>"; };
		A30262A2291734F800E707C6 /* RestaurantTableViewCell.swift */ = {isa = PBXFileReference; lastKnownFileType = sourcecode.swift; path = RestaurantTableViewCell.swift; sourceTree = "<group>"; };
		A30262A42918577F00E707C6 /* RestaurantModelBuilder.swift */ = {isa = PBXFileReference; lastKnownFileType = sourcecode.swift; path = RestaurantModelBuilder.swift; sourceTree = "<group>"; };
		A30262A629185A2A00E707C6 /* PositionModelBuilder.swift */ = {isa = PBXFileReference; lastKnownFileType = sourcecode.swift; path = PositionModelBuilder.swift; sourceTree = "<group>"; };
		A30262A829185AF800E707C6 /* AddressModelBuilder.swift */ = {isa = PBXFileReference; lastKnownFileType = sourcecode.swift; path = AddressModelBuilder.swift; sourceTree = "<group>"; };
		A30262AA29185CDB00E707C6 /* RestaurantPoiModelBuilder.swift */ = {isa = PBXFileReference; lastKnownFileType = sourcecode.swift; path = RestaurantPoiModelBuilder.swift; sourceTree = "<group>"; };
		A30262AC291864AD00E707C6 /* Restaurant.swift */ = {isa = PBXFileReference; lastKnownFileType = sourcecode.swift; path = Restaurant.swift; sourceTree = "<group>"; };
		A30262AE29192EBF00E707C6 /* RestaurantPoi.swift */ = {isa = PBXFileReference; lastKnownFileType = sourcecode.swift; path = RestaurantPoi.swift; sourceTree = "<group>"; };
		A30262B029192F2200E707C6 /* Address.swift */ = {isa = PBXFileReference; lastKnownFileType = sourcecode.swift; path = Address.swift; sourceTree = "<group>"; };
		A30262B229192F9500E707C6 /* Position.swift */ = {isa = PBXFileReference; lastKnownFileType = sourcecode.swift; path = Position.swift; sourceTree = "<group>"; };
		A30262B429197A3B00E707C6 /* CLLocation.swift */ = {isa = PBXFileReference; lastKnownFileType = sourcecode.swift; path = CLLocation.swift; sourceTree = "<group>"; };
		B318D120B5FB3B617DC7ACB5 /* Pods_FoodlyTests.framework */ = {isa = PBXFileReference; explicitFileType = wrapper.framework; includeInIndex = 0; path = Pods_FoodlyTests.framework; sourceTree = BUILT_PRODUCTS_DIR; };
		CBC345CF42B2136A673DF34C /* Pods_Foodly_FoodlyUITests.framework */ = {isa = PBXFileReference; explicitFileType = wrapper.framework; includeInIndex = 0; path = Pods_Foodly_FoodlyUITests.framework; sourceTree = BUILT_PRODUCTS_DIR; };
		D6EDD7CBD90B66137512603E /* Pods-Foodly-FoodlyUITests.debug.xcconfig */ = {isa = PBXFileReference; includeInIndex = 1; lastKnownFileType = text.xcconfig; name = "Pods-Foodly-FoodlyUITests.debug.xcconfig"; path = "Target Support Files/Pods-Foodly-FoodlyUITests/Pods-Foodly-FoodlyUITests.debug.xcconfig"; sourceTree = "<group>"; };
		EE8F6C83406E13854C79C4FA /* Pods_Foodly.framework */ = {isa = PBXFileReference; explicitFileType = wrapper.framework; includeInIndex = 0; path = Pods_Foodly.framework; sourceTree = BUILT_PRODUCTS_DIR; };
		F7FEB497FA32E196CBC01DC5 /* Pods-Foodly.debug.xcconfig */ = {isa = PBXFileReference; includeInIndex = 1; lastKnownFileType = text.xcconfig; name = "Pods-Foodly.debug.xcconfig"; path = "Target Support Files/Pods-Foodly/Pods-Foodly.debug.xcconfig"; sourceTree = "<group>"; };
		FCC6688ADC64F898EF23E4BF /* Pods-FoodlyTests.debug.xcconfig */ = {isa = PBXFileReference; includeInIndex = 1; lastKnownFileType = text.xcconfig; name = "Pods-FoodlyTests.debug.xcconfig"; path = "Target Support Files/Pods-FoodlyTests/Pods-FoodlyTests.debug.xcconfig"; sourceTree = "<group>"; };
/* End PBXFileReference section */

/* Begin PBXFrameworksBuildPhase section */
		A30261AC2911876700E707C6 /* Frameworks */ = {
			isa = PBXFrameworksBuildPhase;
			buildActionMask = 2147483647;
			files = (
				FBFDC5D9FC387E54F670EDFD /* Pods_Foodly.framework in Frameworks */,
			);
			runOnlyForDeploymentPostprocessing = 0;
		};
		A30261C22911876A00E707C6 /* Frameworks */ = {
			isa = PBXFrameworksBuildPhase;
			buildActionMask = 2147483647;
			files = (
				08466F714936A5CDD1CA0CDC /* Pods_FoodlyTests.framework in Frameworks */,
			);
			runOnlyForDeploymentPostprocessing = 0;
		};
		A30261CC2911876A00E707C6 /* Frameworks */ = {
			isa = PBXFrameworksBuildPhase;
			buildActionMask = 2147483647;
			files = (
				7022A425844592C4E265731B /* Pods_Foodly_FoodlyUITests.framework in Frameworks */,
			);
			runOnlyForDeploymentPostprocessing = 0;
		};
/* End PBXFrameworksBuildPhase section */

/* Begin PBXGroup section */
		1AE5D09F357139F12B61A29D /* Frameworks */ = {
			isa = PBXGroup;
			children = (
				EE8F6C83406E13854C79C4FA /* Pods_Foodly.framework */,
				CBC345CF42B2136A673DF34C /* Pods_Foodly_FoodlyUITests.framework */,
				B318D120B5FB3B617DC7ACB5 /* Pods_FoodlyTests.framework */,
			);
			name = Frameworks;
			sourceTree = "<group>";
		};
		A30261A62911876700E707C6 = {
			isa = PBXGroup;
			children = (
				A30261B12911876700E707C6 /* Foodly */,
				A30261C82911876A00E707C6 /* FoodlyTests */,
				A30261D22911876A00E707C6 /* FoodlyUITests */,
				A30261B02911876700E707C6 /* Products */,
				EF47751FDEF27A3B18475B91 /* Pods */,
				1AE5D09F357139F12B61A29D /* Frameworks */,
			);
			sourceTree = "<group>";
		};
		A30261B02911876700E707C6 /* Products */ = {
			isa = PBXGroup;
			children = (
				A30261AF2911876700E707C6 /* Foodly.app */,
				A30261C52911876A00E707C6 /* FoodlyTests.xctest */,
				A30261CF2911876A00E707C6 /* FoodlyUITests.xctest */,
			);
			name = Products;
			sourceTree = "<group>";
		};
		A30261B12911876700E707C6 /* Foodly */ = {
			isa = PBXGroup;
			children = (
				A30261E22911877200E707C6 /* AppDelegate */,
				A30261E32911877C00E707C6 /* Resources */,
				A30261F92911A1D400E707C6 /* Coordinator */,
				A30261EE29118F5C00E707C6 /* Components */,
				A302620B2911EEFF00E707C6 /* Infrastructure */,
				A30262172912BEE100E707C6 /* Data */,
				A30262182912BEE800E707C6 /* Domain */,
				A30261E429118D2300E707C6 /* Presentation */,
				A302623B2912F84D00E707C6 /* Enums */,
				A30261EB29118E2B00E707C6 /* Extensions */,
				A30262282912DBB300E707C6 /* Helpers */,
				A30261EF29118F5C00E707C6 /* Protocols */,
				A30262252912DA6000E707C6 /* GoogleService-Info.plist */,
				A30261C02911876900E707C6 /* Info.plist */,
			);
			path = Foodly;
			sourceTree = "<group>";
		};
		A30261C82911876A00E707C6 /* FoodlyTests */ = {
			isa = PBXGroup;
			children = (
				A30261C92911876A00E707C6 /* FoodlyTests.swift */,
			);
			path = FoodlyTests;
			sourceTree = "<group>";
		};
		A30261D22911876A00E707C6 /* FoodlyUITests */ = {
			isa = PBXGroup;
			children = (
				A30261D32911876A00E707C6 /* FoodlyUITests.swift */,
				A30261D52911876A00E707C6 /* FoodlyUITestsLaunchTests.swift */,
			);
			path = FoodlyUITests;
			sourceTree = "<group>";
		};
		A30261E22911877200E707C6 /* AppDelegate */ = {
			isa = PBXGroup;
			children = (
				A30261B22911876700E707C6 /* AppDelegate.swift */,
				A30261B42911876700E707C6 /* SceneDelegate.swift */,
			);
			path = AppDelegate;
			sourceTree = "<group>";
		};
		A30261E32911877C00E707C6 /* Resources */ = {
			isa = PBXGroup;
			children = (
				A30261BB2911876900E707C6 /* Assets.xcassets */,
				A30261BD2911876900E707C6 /* LaunchScreen.storyboard */,
			);
			path = Resources;
			sourceTree = "<group>";
		};
		A30261E429118D2300E707C6 /* Presentation */ = {
			isa = PBXGroup;
			children = (
				A30262492912FDFE00E707C6 /* Models */,
				A30261E529118D3A00E707C6 /* Before Login */,
				A302622B2912DEA300E707C6 /* After Login */,
			);
			path = Presentation;
			sourceTree = "<group>";
		};
		A30261E529118D3A00E707C6 /* Before Login */ = {
			isa = PBXGroup;
			children = (
				A30261FE2911A37A00E707C6 /* SignUp */,
				A30261E629118D3F00E707C6 /* Get Started */,
			);
			path = "Before Login";
			sourceTree = "<group>";
		};
		A30261E629118D3F00E707C6 /* Get Started */ = {
			isa = PBXGroup;
			children = (
				A30261E729118D7600E707C6 /* GetStartedViewController.swift */,
				A30261E929118D9B00E707C6 /* GetStartedView.swift */,
			);
			path = "Get Started";
			sourceTree = "<group>";
		};
		A30261EB29118E2B00E707C6 /* Extensions */ = {
			isa = PBXGroup;
			children = (
				A30261EC29118E3E00E707C6 /* UIImage.swift */,
				A30261F22911903300E707C6 /* UIView.swift */,
				A30261F7291192FC00E707C6 /* UIColor.swift */,
				A302620E2911F26F00E707C6 /* String.swift */,
				A30262B429197A3B00E707C6 /* CLLocation.swift */,
			);
			path = Extensions;
			sourceTree = "<group>";
		};
		A30261EE29118F5C00E707C6 /* Components */ = {
			isa = PBXGroup;
			children = (
				A30262812916C2DF00E707C6 /* Search Bar */,
				A302626E29144BB200E707C6 /* Cards */,
				A3026261291335E500E707C6 /* Cells */,
				A30262342912E6AC00E707C6 /* Images */,
				A30262042911E66300E707C6 /* Textfields */,
				A30261F42911925000E707C6 /* Buttons */,
			);
			path = Components;
			sourceTree = "<group>";
		};
		A30261EF29118F5C00E707C6 /* Protocols */ = {
			isa = PBXGroup;
			children = (
				A30261F029118F6700E707C6 /* Stylable.swift */,
			);
			path = Protocols;
			sourceTree = "<group>";
		};
		A30261F42911925000E707C6 /* Buttons */ = {
			isa = PBXGroup;
			children = (
				A30261F52911926A00E707C6 /* RedButton.swift */,
				A302626829133D2800E707C6 /* BlackButton.swift */,
			);
			path = Buttons;
			sourceTree = "<group>";
		};
		A30261F92911A1D400E707C6 /* Coordinator */ = {
			isa = PBXGroup;
			children = (
				A30261FA2911A21500E707C6 /* Coordinator.swift */,
				A30261FC2911A23F00E707C6 /* BeforeLoginCoordinator.swift */,
				A302624C29130B4900E707C6 /* AfterLoginCoordinator.swift */,
			);
			path = Coordinator;
			sourceTree = "<group>";
		};
		A30261FE2911A37A00E707C6 /* SignUp */ = {
			isa = PBXGroup;
			children = (
				A302622D2912E2E600E707C6 /* Step1 */,
				A30261FF2911A39200E707C6 /* Step2 */,
				A30262102912B85600E707C6 /* Step3 */,
			);
			path = SignUp;
			sourceTree = "<group>";
		};
		A30261FF2911A39200E707C6 /* Step2 */ = {
			isa = PBXGroup;
			children = (
				A30262002911A3A600E707C6 /* SignUpStep2ViewController.swift */,
				A30262022911E32500E707C6 /* SignUpStep2View.swift */,
				A30262092911ED0200E707C6 /* SignUpStep2ViewModel.swift */,
			);
			path = Step2;
			sourceTree = "<group>";
		};
		A30262042911E66300E707C6 /* Textfields */ = {
			isa = PBXGroup;
			children = (
				A30262052911E69A00E707C6 /* InputTextField.swift */,
			);
			path = Textfields;
			sourceTree = "<group>";
		};
		A302620B2911EEFF00E707C6 /* Infrastructure */ = {
			isa = PBXGroup;
			children = (
				A302620C2911EF1200E707C6 /* AppContainer.swift */,
			);
			path = Infrastructure;
			sourceTree = "<group>";
		};
		A30262102912B85600E707C6 /* Step3 */ = {
			isa = PBXGroup;
			children = (
				A30262112912B86B00E707C6 /* SignUpStep3ViewController.swift */,
				A30262132912B95400E707C6 /* SignUpStep3View.swift */,
				A30262152912BAEB00E707C6 /* SignUpStep3ViewModel.swift */,
			);
			path = Step3;
			sourceTree = "<group>";
		};
		A30262172912BEE100E707C6 /* Data */ = {
			isa = PBXGroup;
			children = (
				A302623E2912F9C400E707C6 /* Entities */,
				A30262192912BEF100E707C6 /* Repositories */,
			);
			path = Data;
			sourceTree = "<group>";
		};
		A30262182912BEE800E707C6 /* Domain */ = {
			isa = PBXGroup;
			children = (
				A30262412912FA0500E707C6 /* Models */,
				A302621B2912BF0000E707C6 /* UseCases */,
				A302621A2912BEF800E707C6 /* Repositories */,
			);
			path = Domain;
			sourceTree = "<group>";
		};
		A30262192912BEF100E707C6 /* Repositories */ = {
			isa = PBXGroup;
			children = (
				A302621E2912BF5F00E707C6 /* DefaultAuthRepository.swift */,
				A30262392912F7CC00E707C6 /* DefaultUserRepository.swift */,
				A30262922917134400E707C6 /* DefaultSearchRepository.swift */,
			);
			path = Repositories;
			sourceTree = "<group>";
		};
		A302621A2912BEF800E707C6 /* Repositories */ = {
			isa = PBXGroup;
			children = (
				A302621C2912BF1300E707C6 /* AuthRepository.swift */,
				A30262372912F77900E707C6 /* UserRepository.swift */,
				A3026290291712B500E707C6 /* SearchRepository.swift */,
			);
			path = Repositories;
			sourceTree = "<group>";
		};
		A302621B2912BF0000E707C6 /* UseCases */ = {
			isa = PBXGroup;
			children = (
				A30262232912C11B00E707C6 /* AuthUseCase.swift */,
				A30262472912FC8D00E707C6 /* UserUseCase.swift */,
				A30262A02917302200E707C6 /* SearchUseCase.swift */,
			);
			path = UseCases;
			sourceTree = "<group>";
		};
		A30262282912DBB300E707C6 /* Helpers */ = {
			isa = PBXGroup;
			children = (
				A30262292912DBEC00E707C6 /* Alert.swift */,
				A302628E29170B3500E707C6 /* Constants.swift */,
			);
			path = Helpers;
			sourceTree = "<group>";
		};
		A302622B2912DEA300E707C6 /* After Login */ = {
			isa = PBXGroup;
			children = (
				A302625829130FED00E707C6 /* Perfil */,
				A302625729130FE800E707C6 /* Search */,
				A302625629130FE500E707C6 /* Home */,
				A302622C2912DF0D00E707C6 /* Tab */,
			);
			path = "After Login";
			sourceTree = "<group>";
		};
		A302622C2912DF0D00E707C6 /* Tab */ = {
			isa = PBXGroup;
			children = (
				A302625229130C9C00E707C6 /* AfterLoginViewController.swift */,
			);
			path = Tab;
			sourceTree = "<group>";
		};
		A302622D2912E2E600E707C6 /* Step1 */ = {
			isa = PBXGroup;
			children = (
				A302622E2912E32A00E707C6 /* SignUpStep1View.swift */,
				A30262302912E33400E707C6 /* SignUpStep1ViewController.swift */,
				A30262322912E4C400E707C6 /* SignUpStep1ViewModel.swift */,
			);
			path = Step1;
			sourceTree = "<group>";
		};
		A30262342912E6AC00E707C6 /* Images */ = {
			isa = PBXGroup;
			children = (
				A30262352912E6E200E707C6 /* UserPhoto.swift */,
			);
			path = Images;
			sourceTree = "<group>";
		};
		A302623B2912F84D00E707C6 /* Enums */ = {
			isa = PBXGroup;
			children = (
				A302623C2912F85500E707C6 /* FirebaseError.swift */,
				A302624E29130BB500E707C6 /* EventBeforeLogin.swift */,
				A302625029130BDF00E707C6 /* EventAfterLogin.swift */,
				A302626A2913441300E707C6 /* PerfilTableViewCellType.swift */,
				A302628A2916FB0D00E707C6 /* CategoryType.swift */,
			);
			path = Enums;
			sourceTree = "<group>";
		};
		A302623E2912F9C400E707C6 /* Entities */ = {
			isa = PBXGroup;
			children = (
				A302623F2912F9CF00E707C6 /* UserEntity.swift */,
				A302629429171D9900E707C6 /* RestaurantEntity.swift */,
				A302629629171E5300E707C6 /* AddressEntity.swift */,
				A30262982917279400E707C6 /* PositionEntity.swift */,
			);
			path = Entities;
			sourceTree = "<group>";
		};
		A30262412912FA0500E707C6 /* Models */ = {
			isa = PBXGroup;
			children = (
				A30262442912FA5600E707C6 /* ModelBuilders */,
				A30262422912FA1500E707C6 /* UserModel.swift */,
				A302629A29172F3500E707C6 /* RestaurantModel.swift */,
				A302629C29172F5C00E707C6 /* AddressModel.swift */,
				A302629E29172F7F00E707C6 /* PositionModel.swift */,
			);
			path = Models;
			sourceTree = "<group>";
		};
		A30262442912FA5600E707C6 /* ModelBuilders */ = {
			isa = PBXGroup;
			children = (
				A30262452912FA6200E707C6 /* UserModelBuilder.swift */,
				A30262A42918577F00E707C6 /* RestaurantModelBuilder.swift */,
				A30262A629185A2A00E707C6 /* PositionModelBuilder.swift */,
				A30262A829185AF800E707C6 /* AddressModelBuilder.swift */,
				A30262AA29185CDB00E707C6 /* RestaurantPoiModelBuilder.swift */,
			);
			path = ModelBuilders;
			sourceTree = "<group>";
		};
		A30262492912FDFE00E707C6 /* Models */ = {
			isa = PBXGroup;
			children = (
				A30262882916DC5900E707C6 /* Category.swift */,
				A302624A2912FE2800E707C6 /* User.swift */,
				A3026266291339FE00E707C6 /* PerfilTableViewCellModel.swift */,
				A30262AC291864AD00E707C6 /* Restaurant.swift */,
				A30262AE29192EBF00E707C6 /* RestaurantPoi.swift */,
				A30262B029192F2200E707C6 /* Address.swift */,
				A30262B229192F9500E707C6 /* Position.swift */,
			);
			path = Models;
			sourceTree = "<group>";
		};
		A302625629130FE500E707C6 /* Home */ = {
			isa = PBXGroup;
			children = (
				A30262742915DB7200E707C6 /* EnjoyDetails */,
				A302625929130FF900E707C6 /* HomeViewController.swift */,
				A302626C2914492600E707C6 /* HomeView.swift */,
				A302627B2915EEEE00E707C6 /* HomeViewModel.swift */,
			);
			path = Home;
			sourceTree = "<group>";
		};
		A302625729130FE800E707C6 /* Search */ = {
			isa = PBXGroup;
			children = (
				A302625B2913101800E707C6 /* SearchViewController.swift */,
				A302627D2916B03600E707C6 /* SearchView.swift */,
				A30262862916D0F100E707C6 /* SearchViewModel.swift */,
			);
			path = Search;
			sourceTree = "<group>";
		};
		A302625829130FED00E707C6 /* Perfil */ = {
			isa = PBXGroup;
			children = (
				A302625D2913102E00E707C6 /* PerfilViewController.swift */,
				A302625F29132EC700E707C6 /* PerfilView.swift */,
				A30262642913398F00E707C6 /* PerfilViewModel.swift */,
			);
			path = Perfil;
			sourceTree = "<group>";
		};
		A3026261291335E500E707C6 /* Cells */ = {
			isa = PBXGroup;
			children = (
				A30262622913361400E707C6 /* PerfilTableViewCell.swift */,
				A30262772915E2BB00E707C6 /* FiltersCollectionViewCell.swift */,
				A30262842916CA2400E707C6 /* CategoryCollectionViewCell.swift */,
				A30262A2291734F800E707C6 /* RestaurantTableViewCell.swift */,
			);
			path = Cells;
			sourceTree = "<group>";
		};
		A302626E29144BB200E707C6 /* Cards */ = {
			isa = PBXGroup;
			children = (
				A302626F29144BC000E707C6 /* EnjoyCard.swift */,
				A302627129147C8000E707C6 /* EnjoyCardDetails.swift */,
			);
			path = Cards;
			sourceTree = "<group>";
		};
		A30262742915DB7200E707C6 /* EnjoyDetails */ = {
			isa = PBXGroup;
			children = (
				A30262752915DB8400E707C6 /* EnjoyDetailsViewController.swift */,
			);
			path = EnjoyDetails;
			sourceTree = "<group>";
		};
		A30262812916C2DF00E707C6 /* Search Bar */ = {
			isa = PBXGroup;
			children = (
				A30262822916C2F000E707C6 /* SearchBar.swift */,
			);
			path = "Search Bar";
			sourceTree = "<group>";
		};
		EF47751FDEF27A3B18475B91 /* Pods */ = {
			isa = PBXGroup;
			children = (
				F7FEB497FA32E196CBC01DC5 /* Pods-Foodly.debug.xcconfig */,
				8051A37C8D424F49B6544963 /* Pods-Foodly.release.xcconfig */,
				D6EDD7CBD90B66137512603E /* Pods-Foodly-FoodlyUITests.debug.xcconfig */,
				280B83A1EB1F41BCBCB2C1A3 /* Pods-Foodly-FoodlyUITests.release.xcconfig */,
				FCC6688ADC64F898EF23E4BF /* Pods-FoodlyTests.debug.xcconfig */,
				55CBC6F5DFE2CD4E7A6B4ED8 /* Pods-FoodlyTests.release.xcconfig */,
			);
			path = Pods;
			sourceTree = "<group>";
		};
/* End PBXGroup section */

/* Begin PBXNativeTarget section */
		A30261AE2911876700E707C6 /* Foodly */ = {
			isa = PBXNativeTarget;
			buildConfigurationList = A30261D92911876A00E707C6 /* Build configuration list for PBXNativeTarget "Foodly" */;
			buildPhases = (
				48AAD3A68CAC63D28114953E /* [CP] Check Pods Manifest.lock */,
				A30261AB2911876700E707C6 /* Sources */,
				A30261AC2911876700E707C6 /* Frameworks */,
				A30261AD2911876700E707C6 /* Resources */,
				4CFE19F9B95A843C1511E9A2 /* [CP] Embed Pods Frameworks */,
			);
			buildRules = (
			);
			dependencies = (
			);
			name = Foodly;
			productName = Foodly;
			productReference = A30261AF2911876700E707C6 /* Foodly.app */;
			productType = "com.apple.product-type.application";
		};
		A30261C42911876A00E707C6 /* FoodlyTests */ = {
			isa = PBXNativeTarget;
			buildConfigurationList = A30261DC2911876A00E707C6 /* Build configuration list for PBXNativeTarget "FoodlyTests" */;
			buildPhases = (
				D77B6C85E11F5E43050857CA /* [CP] Check Pods Manifest.lock */,
				A30261C12911876A00E707C6 /* Sources */,
				A30261C22911876A00E707C6 /* Frameworks */,
				A30261C32911876A00E707C6 /* Resources */,
			);
			buildRules = (
			);
			dependencies = (
				A30261C72911876A00E707C6 /* PBXTargetDependency */,
			);
			name = FoodlyTests;
			productName = FoodlyTests;
			productReference = A30261C52911876A00E707C6 /* FoodlyTests.xctest */;
			productType = "com.apple.product-type.bundle.unit-test";
		};
		A30261CE2911876A00E707C6 /* FoodlyUITests */ = {
			isa = PBXNativeTarget;
			buildConfigurationList = A30261DF2911876A00E707C6 /* Build configuration list for PBXNativeTarget "FoodlyUITests" */;
			buildPhases = (
				ACFAD1FA4E961F3A63805339 /* [CP] Check Pods Manifest.lock */,
				A30261CB2911876A00E707C6 /* Sources */,
				A30261CC2911876A00E707C6 /* Frameworks */,
				A30261CD2911876A00E707C6 /* Resources */,
				6B4CEEEE4027A1120D67B252 /* [CP] Embed Pods Frameworks */,
			);
			buildRules = (
			);
			dependencies = (
				A30261D12911876A00E707C6 /* PBXTargetDependency */,
			);
			name = FoodlyUITests;
			productName = FoodlyUITests;
			productReference = A30261CF2911876A00E707C6 /* FoodlyUITests.xctest */;
			productType = "com.apple.product-type.bundle.ui-testing";
		};
/* End PBXNativeTarget section */

/* Begin PBXProject section */
		A30261A72911876700E707C6 /* Project object */ = {
			isa = PBXProject;
			attributes = {
				BuildIndependentTargetsInParallel = 1;
				LastSwiftUpdateCheck = 1400;
				LastUpgradeCheck = 1400;
				TargetAttributes = {
					A30261AE2911876700E707C6 = {
						CreatedOnToolsVersion = 14.0;
					};
					A30261C42911876A00E707C6 = {
						CreatedOnToolsVersion = 14.0;
						TestTargetID = A30261AE2911876700E707C6;
					};
					A30261CE2911876A00E707C6 = {
						CreatedOnToolsVersion = 14.0;
						TestTargetID = A30261AE2911876700E707C6;
					};
				};
			};
			buildConfigurationList = A30261AA2911876700E707C6 /* Build configuration list for PBXProject "Foodly" */;
			compatibilityVersion = "Xcode 13.0";
			developmentRegion = en;
			hasScannedForEncodings = 0;
			knownRegions = (
				en,
				Base,
			);
			mainGroup = A30261A62911876700E707C6;
			productRefGroup = A30261B02911876700E707C6 /* Products */;
			projectDirPath = "";
			projectRoot = "";
			targets = (
				A30261AE2911876700E707C6 /* Foodly */,
				A30261C42911876A00E707C6 /* FoodlyTests */,
				A30261CE2911876A00E707C6 /* FoodlyUITests */,
			);
		};
/* End PBXProject section */

/* Begin PBXResourcesBuildPhase section */
		A30261AD2911876700E707C6 /* Resources */ = {
			isa = PBXResourcesBuildPhase;
			buildActionMask = 2147483647;
			files = (
				A30261BF2911876900E707C6 /* LaunchScreen.storyboard in Resources */,
				A30261BC2911876900E707C6 /* Assets.xcassets in Resources */,
				A30262262912DA6000E707C6 /* GoogleService-Info.plist in Resources */,
			);
			runOnlyForDeploymentPostprocessing = 0;
		};
		A30261C32911876A00E707C6 /* Resources */ = {
			isa = PBXResourcesBuildPhase;
			buildActionMask = 2147483647;
			files = (
			);
			runOnlyForDeploymentPostprocessing = 0;
		};
		A30261CD2911876A00E707C6 /* Resources */ = {
			isa = PBXResourcesBuildPhase;
			buildActionMask = 2147483647;
			files = (
			);
			runOnlyForDeploymentPostprocessing = 0;
		};
/* End PBXResourcesBuildPhase section */

/* Begin PBXShellScriptBuildPhase section */
		48AAD3A68CAC63D28114953E /* [CP] Check Pods Manifest.lock */ = {
			isa = PBXShellScriptBuildPhase;
			buildActionMask = 2147483647;
			files = (
			);
			inputFileListPaths = (
			);
			inputPaths = (
				"${PODS_PODFILE_DIR_PATH}/Podfile.lock",
				"${PODS_ROOT}/Manifest.lock",
			);
			name = "[CP] Check Pods Manifest.lock";
			outputFileListPaths = (
			);
			outputPaths = (
				"$(DERIVED_FILE_DIR)/Pods-Foodly-checkManifestLockResult.txt",
			);
			runOnlyForDeploymentPostprocessing = 0;
			shellPath = /bin/sh;
			shellScript = "diff \"${PODS_PODFILE_DIR_PATH}/Podfile.lock\" \"${PODS_ROOT}/Manifest.lock\" > /dev/null\nif [ $? != 0 ] ; then\n    # print error to STDERR\n    echo \"error: The sandbox is not in sync with the Podfile.lock. Run 'pod install' or update your CocoaPods installation.\" >&2\n    exit 1\nfi\n# This output is used by Xcode 'outputs' to avoid re-running this script phase.\necho \"SUCCESS\" > \"${SCRIPT_OUTPUT_FILE_0}\"\n";
			showEnvVarsInLog = 0;
		};
		4CFE19F9B95A843C1511E9A2 /* [CP] Embed Pods Frameworks */ = {
			isa = PBXShellScriptBuildPhase;
			buildActionMask = 2147483647;
			files = (
			);
			inputFileListPaths = (
				"${PODS_ROOT}/Target Support Files/Pods-Foodly/Pods-Foodly-frameworks-${CONFIGURATION}-input-files.xcfilelist",
			);
			name = "[CP] Embed Pods Frameworks";
			outputFileListPaths = (
				"${PODS_ROOT}/Target Support Files/Pods-Foodly/Pods-Foodly-frameworks-${CONFIGURATION}-output-files.xcfilelist",
			);
			runOnlyForDeploymentPostprocessing = 0;
			shellPath = /bin/sh;
			shellScript = "\"${PODS_ROOT}/Target Support Files/Pods-Foodly/Pods-Foodly-frameworks.sh\"\n";
			showEnvVarsInLog = 0;
		};
		6B4CEEEE4027A1120D67B252 /* [CP] Embed Pods Frameworks */ = {
			isa = PBXShellScriptBuildPhase;
			buildActionMask = 2147483647;
			files = (
			);
			inputFileListPaths = (
				"${PODS_ROOT}/Target Support Files/Pods-Foodly-FoodlyUITests/Pods-Foodly-FoodlyUITests-frameworks-${CONFIGURATION}-input-files.xcfilelist",
			);
			name = "[CP] Embed Pods Frameworks";
			outputFileListPaths = (
				"${PODS_ROOT}/Target Support Files/Pods-Foodly-FoodlyUITests/Pods-Foodly-FoodlyUITests-frameworks-${CONFIGURATION}-output-files.xcfilelist",
			);
			runOnlyForDeploymentPostprocessing = 0;
			shellPath = /bin/sh;
			shellScript = "\"${PODS_ROOT}/Target Support Files/Pods-Foodly-FoodlyUITests/Pods-Foodly-FoodlyUITests-frameworks.sh\"\n";
			showEnvVarsInLog = 0;
		};
		ACFAD1FA4E961F3A63805339 /* [CP] Check Pods Manifest.lock */ = {
			isa = PBXShellScriptBuildPhase;
			buildActionMask = 2147483647;
			files = (
			);
			inputFileListPaths = (
			);
			inputPaths = (
				"${PODS_PODFILE_DIR_PATH}/Podfile.lock",
				"${PODS_ROOT}/Manifest.lock",
			);
			name = "[CP] Check Pods Manifest.lock";
			outputFileListPaths = (
			);
			outputPaths = (
				"$(DERIVED_FILE_DIR)/Pods-Foodly-FoodlyUITests-checkManifestLockResult.txt",
			);
			runOnlyForDeploymentPostprocessing = 0;
			shellPath = /bin/sh;
			shellScript = "diff \"${PODS_PODFILE_DIR_PATH}/Podfile.lock\" \"${PODS_ROOT}/Manifest.lock\" > /dev/null\nif [ $? != 0 ] ; then\n    # print error to STDERR\n    echo \"error: The sandbox is not in sync with the Podfile.lock. Run 'pod install' or update your CocoaPods installation.\" >&2\n    exit 1\nfi\n# This output is used by Xcode 'outputs' to avoid re-running this script phase.\necho \"SUCCESS\" > \"${SCRIPT_OUTPUT_FILE_0}\"\n";
			showEnvVarsInLog = 0;
		};
		D77B6C85E11F5E43050857CA /* [CP] Check Pods Manifest.lock */ = {
			isa = PBXShellScriptBuildPhase;
			buildActionMask = 2147483647;
			files = (
			);
			inputFileListPaths = (
			);
			inputPaths = (
				"${PODS_PODFILE_DIR_PATH}/Podfile.lock",
				"${PODS_ROOT}/Manifest.lock",
			);
			name = "[CP] Check Pods Manifest.lock";
			outputFileListPaths = (
			);
			outputPaths = (
				"$(DERIVED_FILE_DIR)/Pods-FoodlyTests-checkManifestLockResult.txt",
			);
			runOnlyForDeploymentPostprocessing = 0;
			shellPath = /bin/sh;
			shellScript = "diff \"${PODS_PODFILE_DIR_PATH}/Podfile.lock\" \"${PODS_ROOT}/Manifest.lock\" > /dev/null\nif [ $? != 0 ] ; then\n    # print error to STDERR\n    echo \"error: The sandbox is not in sync with the Podfile.lock. Run 'pod install' or update your CocoaPods installation.\" >&2\n    exit 1\nfi\n# This output is used by Xcode 'outputs' to avoid re-running this script phase.\necho \"SUCCESS\" > \"${SCRIPT_OUTPUT_FILE_0}\"\n";
			showEnvVarsInLog = 0;
		};
/* End PBXShellScriptBuildPhase section */

/* Begin PBXSourcesBuildPhase section */
		A30261AB2911876700E707C6 /* Sources */ = {
			isa = PBXSourcesBuildPhase;
			buildActionMask = 2147483647;
			files = (
				A3026267291339FE00E707C6 /* PerfilTableViewCellModel.swift in Sources */,
				A30261B32911876700E707C6 /* AppDelegate.swift in Sources */,
				A30262482912FC8D00E707C6 /* UserUseCase.swift in Sources */,
				A302627029144BC000E707C6 /* EnjoyCard.swift in Sources */,
				A302626D2914492600E707C6 /* HomeView.swift in Sources */,
				A302624D29130B4900E707C6 /* AfterLoginCoordinator.swift in Sources */,
				A302624F29130BB500E707C6 /* EventBeforeLogin.swift in Sources */,
				A3026291291712B500E707C6 /* SearchRepository.swift in Sources */,
				A30262122912B86B00E707C6 /* SignUpStep3ViewController.swift in Sources */,
				A30262312912E33400E707C6 /* SignUpStep1ViewController.swift in Sources */,
				A30262A929185AF800E707C6 /* AddressModelBuilder.swift in Sources */,
				A302623D2912F85500E707C6 /* FirebaseError.swift in Sources */,
				A302620D2911EF1200E707C6 /* AppContainer.swift in Sources */,
				A302628B2916FB0D00E707C6 /* CategoryType.swift in Sources */,
				A30262892916DC5900E707C6 /* Category.swift in Sources */,
				A30262A52918577F00E707C6 /* RestaurantModelBuilder.swift in Sources */,
				A30262A3291734F800E707C6 /* RestaurantTableViewCell.swift in Sources */,
				A30261F62911926A00E707C6 /* RedButton.swift in Sources */,
				A30261FB2911A21500E707C6 /* Coordinator.swift in Sources */,
				A30262AF29192EBF00E707C6 /* RestaurantPoi.swift in Sources */,
				A30262402912F9CF00E707C6 /* UserEntity.swift in Sources */,
				A30262162912BAEB00E707C6 /* SignUpStep3ViewModel.swift in Sources */,
				A30262332912E4C400E707C6 /* SignUpStep1ViewModel.swift in Sources */,
				A30262B129192F2200E707C6 /* Address.swift in Sources */,
				A302629529171D9900E707C6 /* RestaurantEntity.swift in Sources */,
				A30262432912FA1500E707C6 /* UserModel.swift in Sources */,
				A302622A2912DBEC00E707C6 /* Alert.swift in Sources */,
				A302627229147C8000E707C6 /* EnjoyCardDetails.swift in Sources */,
				A30262AD291864AD00E707C6 /* Restaurant.swift in Sources */,
				A30262242912C11B00E707C6 /* AuthUseCase.swift in Sources */,
				A30261ED29118E3E00E707C6 /* UIImage.swift in Sources */,
				A30262462912FA6200E707C6 /* UserModelBuilder.swift in Sources */,
				A30262A729185A2A00E707C6 /* PositionModelBuilder.swift in Sources */,
				A302629F29172F7F00E707C6 /* PositionModel.swift in Sources */,
				A30262652913398F00E707C6 /* PerfilViewModel.swift in Sources */,
				A302620A2911ED0200E707C6 /* SignUpStep2ViewModel.swift in Sources */,
				A302626929133D2800E707C6 /* BlackButton.swift in Sources */,
				A30262012911A3A600E707C6 /* SignUpStep2ViewController.swift in Sources */,
				A302621F2912BF5F00E707C6 /* DefaultAuthRepository.swift in Sources */,
				A302626B2913441300E707C6 /* PerfilTableViewCellType.swift in Sources */,
				A302623A2912F7CC00E707C6 /* DefaultUserRepository.swift in Sources */,
				A30261EA29118D9B00E707C6 /* GetStartedView.swift in Sources */,
				A30262762915DB8400E707C6 /* EnjoyDetailsViewController.swift in Sources */,
				A30262362912E6E200E707C6 /* UserPhoto.swift in Sources */,
				A30262782915E2BB00E707C6 /* FiltersCollectionViewCell.swift in Sources */,
				A30261FD2911A23F00E707C6 /* BeforeLoginCoordinator.swift in Sources */,
				A30262852916CA2400E707C6 /* CategoryCollectionViewCell.swift in Sources */,
				A30262142912B95400E707C6 /* SignUpStep3View.swift in Sources */,
				A30261F32911903300E707C6 /* UIView.swift in Sources */,
				A302629729171E5300E707C6 /* AddressEntity.swift in Sources */,
				A302629B29172F3500E707C6 /* RestaurantModel.swift in Sources */,
				A30262AB29185CDB00E707C6 /* RestaurantPoiModelBuilder.swift in Sources */,
				A30262382912F77900E707C6 /* UserRepository.swift in Sources */,
				A30262032911E32500E707C6 /* SignUpStep2View.swift in Sources */,
				A302625E2913102E00E707C6 /* PerfilViewController.swift in Sources */,
				A302622F2912E32A00E707C6 /* SignUpStep1View.swift in Sources */,
				A30261F129118F6700E707C6 /* Stylable.swift in Sources */,
				A30262932917134400E707C6 /* DefaultSearchRepository.swift in Sources */,
				A30261B52911876700E707C6 /* SceneDelegate.swift in Sources */,
				A302625129130BDF00E707C6 /* EventAfterLogin.swift in Sources */,
				A30262A12917302200E707C6 /* SearchUseCase.swift in Sources */,
				A30261F8291192FC00E707C6 /* UIColor.swift in Sources */,
				A302620F2911F26F00E707C6 /* String.swift in Sources */,
				A30262B529197A3B00E707C6 /* CLLocation.swift in Sources */,
				A302629D29172F5C00E707C6 /* AddressModel.swift in Sources */,
				A302625329130C9C00E707C6 /* AfterLoginViewController.swift in Sources */,
				A302626029132EC700E707C6 /* PerfilView.swift in Sources */,
				A302625C2913101800E707C6 /* SearchViewController.swift in Sources */,
				A302625A29130FF900E707C6 /* HomeViewController.swift in Sources */,
				A302628F29170B3500E707C6 /* Constants.swift in Sources */,
				A302624B2912FE2800E707C6 /* User.swift in Sources */,
				A302627C2915EEEE00E707C6 /* HomeViewModel.swift in Sources */,
				A302621D2912BF1300E707C6 /* AuthRepository.swift in Sources */,
				A302627E2916B03600E707C6 /* SearchView.swift in Sources */,
				A30262832916C2F000E707C6 /* SearchBar.swift in Sources */,
				A30262062911E69A00E707C6 /* InputTextField.swift in Sources */,
				A30262632913361400E707C6 /* PerfilTableViewCell.swift in Sources */,
				A30262992917279400E707C6 /* PositionEntity.swift in Sources */,
				A30261E829118D7600E707C6 /* GetStartedViewController.swift in Sources */,
				A30262B329192F9500E707C6 /* Position.swift in Sources */,
				A30262872916D0F100E707C6 /* SearchViewModel.swift in Sources */,
			);
			runOnlyForDeploymentPostprocessing = 0;
		};
		A30261C12911876A00E707C6 /* Sources */ = {
			isa = PBXSourcesBuildPhase;
			buildActionMask = 2147483647;
			files = (
				A30261CA2911876A00E707C6 /* FoodlyTests.swift in Sources */,
			);
			runOnlyForDeploymentPostprocessing = 0;
		};
		A30261CB2911876A00E707C6 /* Sources */ = {
			isa = PBXSourcesBuildPhase;
			buildActionMask = 2147483647;
			files = (
				A30261D42911876A00E707C6 /* FoodlyUITests.swift in Sources */,
				A30261D62911876A00E707C6 /* FoodlyUITestsLaunchTests.swift in Sources */,
			);
			runOnlyForDeploymentPostprocessing = 0;
		};
/* End PBXSourcesBuildPhase section */

/* Begin PBXTargetDependency section */
		A30261C72911876A00E707C6 /* PBXTargetDependency */ = {
			isa = PBXTargetDependency;
			target = A30261AE2911876700E707C6 /* Foodly */;
			targetProxy = A30261C62911876A00E707C6 /* PBXContainerItemProxy */;
		};
		A30261D12911876A00E707C6 /* PBXTargetDependency */ = {
			isa = PBXTargetDependency;
			target = A30261AE2911876700E707C6 /* Foodly */;
			targetProxy = A30261D02911876A00E707C6 /* PBXContainerItemProxy */;
		};
/* End PBXTargetDependency section */

/* Begin PBXVariantGroup section */
		A30261BD2911876900E707C6 /* LaunchScreen.storyboard */ = {
			isa = PBXVariantGroup;
			children = (
				A30261BE2911876900E707C6 /* Base */,
			);
			name = LaunchScreen.storyboard;
			sourceTree = "<group>";
		};
/* End PBXVariantGroup section */

/* Begin XCBuildConfiguration section */
		A30261D72911876A00E707C6 /* Debug */ = {
			isa = XCBuildConfiguration;
			buildSettings = {
				ALWAYS_SEARCH_USER_PATHS = NO;
				CLANG_ANALYZER_NONNULL = YES;
				CLANG_ANALYZER_NUMBER_OBJECT_CONVERSION = YES_AGGRESSIVE;
				CLANG_CXX_LANGUAGE_STANDARD = "gnu++20";
				CLANG_ENABLE_MODULES = YES;
				CLANG_ENABLE_OBJC_ARC = YES;
				CLANG_ENABLE_OBJC_WEAK = YES;
				CLANG_WARN_BLOCK_CAPTURE_AUTORELEASING = YES;
				CLANG_WARN_BOOL_CONVERSION = YES;
				CLANG_WARN_COMMA = YES;
				CLANG_WARN_CONSTANT_CONVERSION = YES;
				CLANG_WARN_DEPRECATED_OBJC_IMPLEMENTATIONS = YES;
				CLANG_WARN_DIRECT_OBJC_ISA_USAGE = YES_ERROR;
				CLANG_WARN_DOCUMENTATION_COMMENTS = YES;
				CLANG_WARN_EMPTY_BODY = YES;
				CLANG_WARN_ENUM_CONVERSION = YES;
				CLANG_WARN_INFINITE_RECURSION = YES;
				CLANG_WARN_INT_CONVERSION = YES;
				CLANG_WARN_NON_LITERAL_NULL_CONVERSION = YES;
				CLANG_WARN_OBJC_IMPLICIT_RETAIN_SELF = YES;
				CLANG_WARN_OBJC_LITERAL_CONVERSION = YES;
				CLANG_WARN_OBJC_ROOT_CLASS = YES_ERROR;
				CLANG_WARN_QUOTED_INCLUDE_IN_FRAMEWORK_HEADER = YES;
				CLANG_WARN_RANGE_LOOP_ANALYSIS = YES;
				CLANG_WARN_STRICT_PROTOTYPES = YES;
				CLANG_WARN_SUSPICIOUS_MOVE = YES;
				CLANG_WARN_UNGUARDED_AVAILABILITY = YES_AGGRESSIVE;
				CLANG_WARN_UNREACHABLE_CODE = YES;
				CLANG_WARN__DUPLICATE_METHOD_MATCH = YES;
				COPY_PHASE_STRIP = NO;
				DEBUG_INFORMATION_FORMAT = dwarf;
				ENABLE_STRICT_OBJC_MSGSEND = YES;
				ENABLE_TESTABILITY = YES;
				GCC_C_LANGUAGE_STANDARD = gnu11;
				GCC_DYNAMIC_NO_PIC = NO;
				GCC_NO_COMMON_BLOCKS = YES;
				GCC_OPTIMIZATION_LEVEL = 0;
				GCC_PREPROCESSOR_DEFINITIONS = (
					"DEBUG=1",
					"$(inherited)",
				);
				GCC_WARN_64_TO_32_BIT_CONVERSION = YES;
				GCC_WARN_ABOUT_RETURN_TYPE = YES_ERROR;
				GCC_WARN_UNDECLARED_SELECTOR = YES;
				GCC_WARN_UNINITIALIZED_AUTOS = YES_AGGRESSIVE;
				GCC_WARN_UNUSED_FUNCTION = YES;
				GCC_WARN_UNUSED_VARIABLE = YES;
				IPHONEOS_DEPLOYMENT_TARGET = 16.0;
				MTL_ENABLE_DEBUG_INFO = INCLUDE_SOURCE;
				MTL_FAST_MATH = YES;
				ONLY_ACTIVE_ARCH = YES;
				SDKROOT = iphoneos;
				SWIFT_ACTIVE_COMPILATION_CONDITIONS = DEBUG;
				SWIFT_OPTIMIZATION_LEVEL = "-Onone";
			};
			name = Debug;
		};
		A30261D82911876A00E707C6 /* Release */ = {
			isa = XCBuildConfiguration;
			buildSettings = {
				ALWAYS_SEARCH_USER_PATHS = NO;
				CLANG_ANALYZER_NONNULL = YES;
				CLANG_ANALYZER_NUMBER_OBJECT_CONVERSION = YES_AGGRESSIVE;
				CLANG_CXX_LANGUAGE_STANDARD = "gnu++20";
				CLANG_ENABLE_MODULES = YES;
				CLANG_ENABLE_OBJC_ARC = YES;
				CLANG_ENABLE_OBJC_WEAK = YES;
				CLANG_WARN_BLOCK_CAPTURE_AUTORELEASING = YES;
				CLANG_WARN_BOOL_CONVERSION = YES;
				CLANG_WARN_COMMA = YES;
				CLANG_WARN_CONSTANT_CONVERSION = YES;
				CLANG_WARN_DEPRECATED_OBJC_IMPLEMENTATIONS = YES;
				CLANG_WARN_DIRECT_OBJC_ISA_USAGE = YES_ERROR;
				CLANG_WARN_DOCUMENTATION_COMMENTS = YES;
				CLANG_WARN_EMPTY_BODY = YES;
				CLANG_WARN_ENUM_CONVERSION = YES;
				CLANG_WARN_INFINITE_RECURSION = YES;
				CLANG_WARN_INT_CONVERSION = YES;
				CLANG_WARN_NON_LITERAL_NULL_CONVERSION = YES;
				CLANG_WARN_OBJC_IMPLICIT_RETAIN_SELF = YES;
				CLANG_WARN_OBJC_LITERAL_CONVERSION = YES;
				CLANG_WARN_OBJC_ROOT_CLASS = YES_ERROR;
				CLANG_WARN_QUOTED_INCLUDE_IN_FRAMEWORK_HEADER = YES;
				CLANG_WARN_RANGE_LOOP_ANALYSIS = YES;
				CLANG_WARN_STRICT_PROTOTYPES = YES;
				CLANG_WARN_SUSPICIOUS_MOVE = YES;
				CLANG_WARN_UNGUARDED_AVAILABILITY = YES_AGGRESSIVE;
				CLANG_WARN_UNREACHABLE_CODE = YES;
				CLANG_WARN__DUPLICATE_METHOD_MATCH = YES;
				COPY_PHASE_STRIP = NO;
				DEBUG_INFORMATION_FORMAT = "dwarf-with-dsym";
				ENABLE_NS_ASSERTIONS = NO;
				ENABLE_STRICT_OBJC_MSGSEND = YES;
				GCC_C_LANGUAGE_STANDARD = gnu11;
				GCC_NO_COMMON_BLOCKS = YES;
				GCC_WARN_64_TO_32_BIT_CONVERSION = YES;
				GCC_WARN_ABOUT_RETURN_TYPE = YES_ERROR;
				GCC_WARN_UNDECLARED_SELECTOR = YES;
				GCC_WARN_UNINITIALIZED_AUTOS = YES_AGGRESSIVE;
				GCC_WARN_UNUSED_FUNCTION = YES;
				GCC_WARN_UNUSED_VARIABLE = YES;
				IPHONEOS_DEPLOYMENT_TARGET = 16.0;
				MTL_ENABLE_DEBUG_INFO = NO;
				MTL_FAST_MATH = YES;
				SDKROOT = iphoneos;
				SWIFT_COMPILATION_MODE = wholemodule;
				SWIFT_OPTIMIZATION_LEVEL = "-O";
				VALIDATE_PRODUCT = YES;
			};
			name = Release;
		};
		A30261DA2911876A00E707C6 /* Debug */ = {
			isa = XCBuildConfiguration;
			baseConfigurationReference = F7FEB497FA32E196CBC01DC5 /* Pods-Foodly.debug.xcconfig */;
			buildSettings = {
				ASSETCATALOG_COMPILER_APPICON_NAME = AppIcon;
				ASSETCATALOG_COMPILER_GLOBAL_ACCENT_COLOR_NAME = AccentColor;
				CODE_SIGN_STYLE = Automatic;
				CURRENT_PROJECT_VERSION = 1;
				DEVELOPMENT_TEAM = GM2YUUZ32A;
				GENERATE_INFOPLIST_FILE = YES;
				INFOPLIST_FILE = Foodly/Info.plist;
				INFOPLIST_KEY_NSLocationAlwaysAndWhenInUseUsageDescription = "";
				INFOPLIST_KEY_NSLocationAlwaysUsageDescription = "";
				INFOPLIST_KEY_NSLocationUsageDescription = "";
				INFOPLIST_KEY_NSLocationWhenInUseUsageDescription = "";
				INFOPLIST_KEY_UIApplicationSupportsIndirectInputEvents = YES;
				INFOPLIST_KEY_UILaunchStoryboardName = LaunchScreen;
				INFOPLIST_KEY_UISupportedInterfaceOrientations_iPad = "UIInterfaceOrientationPortrait UIInterfaceOrientationPortraitUpsideDown UIInterfaceOrientationLandscapeLeft UIInterfaceOrientationLandscapeRight";
				INFOPLIST_KEY_UISupportedInterfaceOrientations_iPhone = "UIInterfaceOrientationPortrait UIInterfaceOrientationLandscapeLeft UIInterfaceOrientationLandscapeRight";
				LD_RUNPATH_SEARCH_PATHS = (
					"$(inherited)",
					"@executable_path/Frameworks",
				);
				MARKETING_VERSION = 1.0;
				PRODUCT_BUNDLE_IDENTIFIER = br.com.simim.Foodly;
				PRODUCT_NAME = "$(TARGET_NAME)";
				SWIFT_EMIT_LOC_STRINGS = YES;
				SWIFT_VERSION = 5.0;
				TARGETED_DEVICE_FAMILY = "1,2";
			};
			name = Debug;
		};
		A30261DB2911876A00E707C6 /* Release */ = {
			isa = XCBuildConfiguration;
			baseConfigurationReference = 8051A37C8D424F49B6544963 /* Pods-Foodly.release.xcconfig */;
			buildSettings = {
				ASSETCATALOG_COMPILER_APPICON_NAME = AppIcon;
				ASSETCATALOG_COMPILER_GLOBAL_ACCENT_COLOR_NAME = AccentColor;
				CODE_SIGN_STYLE = Automatic;
				CURRENT_PROJECT_VERSION = 1;
				DEVELOPMENT_TEAM = GM2YUUZ32A;
				GENERATE_INFOPLIST_FILE = YES;
				INFOPLIST_FILE = Foodly/Info.plist;
				INFOPLIST_KEY_NSLocationAlwaysAndWhenInUseUsageDescription = "";
				INFOPLIST_KEY_NSLocationAlwaysUsageDescription = "";
				INFOPLIST_KEY_NSLocationUsageDescription = "";
				INFOPLIST_KEY_NSLocationWhenInUseUsageDescription = "";
				INFOPLIST_KEY_UIApplicationSupportsIndirectInputEvents = YES;
				INFOPLIST_KEY_UILaunchStoryboardName = LaunchScreen;
				INFOPLIST_KEY_UISupportedInterfaceOrientations_iPad = "UIInterfaceOrientationPortrait UIInterfaceOrientationPortraitUpsideDown UIInterfaceOrientationLandscapeLeft UIInterfaceOrientationLandscapeRight";
				INFOPLIST_KEY_UISupportedInterfaceOrientations_iPhone = "UIInterfaceOrientationPortrait UIInterfaceOrientationLandscapeLeft UIInterfaceOrientationLandscapeRight";
				LD_RUNPATH_SEARCH_PATHS = (
					"$(inherited)",
					"@executable_path/Frameworks",
				);
				MARKETING_VERSION = 1.0;
				PRODUCT_BUNDLE_IDENTIFIER = br.com.simim.Foodly;
				PRODUCT_NAME = "$(TARGET_NAME)";
				SWIFT_EMIT_LOC_STRINGS = YES;
				SWIFT_VERSION = 5.0;
				TARGETED_DEVICE_FAMILY = "1,2";
			};
			name = Release;
		};
		A30261DD2911876A00E707C6 /* Debug */ = {
			isa = XCBuildConfiguration;
			baseConfigurationReference = FCC6688ADC64F898EF23E4BF /* Pods-FoodlyTests.debug.xcconfig */;
			buildSettings = {
				ALWAYS_EMBED_SWIFT_STANDARD_LIBRARIES = YES;
				BUNDLE_LOADER = "$(TEST_HOST)";
				CODE_SIGN_STYLE = Automatic;
				CURRENT_PROJECT_VERSION = 1;
				DEVELOPMENT_TEAM = GM2YUUZ32A;
				GENERATE_INFOPLIST_FILE = YES;
				IPHONEOS_DEPLOYMENT_TARGET = 16.0;
				MARKETING_VERSION = 1.0;
				PRODUCT_BUNDLE_IDENTIFIER = br.com.simim.FoodlyTests;
				PRODUCT_NAME = "$(TARGET_NAME)";
				SWIFT_EMIT_LOC_STRINGS = NO;
				SWIFT_VERSION = 5.0;
				TARGETED_DEVICE_FAMILY = "1,2";
				TEST_HOST = "$(BUILT_PRODUCTS_DIR)/Foodly.app/$(BUNDLE_EXECUTABLE_FOLDER_PATH)/Foodly";
			};
			name = Debug;
		};
		A30261DE2911876A00E707C6 /* Release */ = {
			isa = XCBuildConfiguration;
			baseConfigurationReference = 55CBC6F5DFE2CD4E7A6B4ED8 /* Pods-FoodlyTests.release.xcconfig */;
			buildSettings = {
				ALWAYS_EMBED_SWIFT_STANDARD_LIBRARIES = YES;
				BUNDLE_LOADER = "$(TEST_HOST)";
				CODE_SIGN_STYLE = Automatic;
				CURRENT_PROJECT_VERSION = 1;
				DEVELOPMENT_TEAM = GM2YUUZ32A;
				GENERATE_INFOPLIST_FILE = YES;
				IPHONEOS_DEPLOYMENT_TARGET = 16.0;
				MARKETING_VERSION = 1.0;
				PRODUCT_BUNDLE_IDENTIFIER = br.com.simim.FoodlyTests;
				PRODUCT_NAME = "$(TARGET_NAME)";
				SWIFT_EMIT_LOC_STRINGS = NO;
				SWIFT_VERSION = 5.0;
				TARGETED_DEVICE_FAMILY = "1,2";
				TEST_HOST = "$(BUILT_PRODUCTS_DIR)/Foodly.app/$(BUNDLE_EXECUTABLE_FOLDER_PATH)/Foodly";
			};
			name = Release;
		};
		A30261E02911876A00E707C6 /* Debug */ = {
			isa = XCBuildConfiguration;
			baseConfigurationReference = D6EDD7CBD90B66137512603E /* Pods-Foodly-FoodlyUITests.debug.xcconfig */;
			buildSettings = {
				ALWAYS_EMBED_SWIFT_STANDARD_LIBRARIES = YES;
				CODE_SIGN_STYLE = Automatic;
				CURRENT_PROJECT_VERSION = 1;
				DEVELOPMENT_TEAM = GM2YUUZ32A;
				GENERATE_INFOPLIST_FILE = YES;
				MARKETING_VERSION = 1.0;
				PRODUCT_BUNDLE_IDENTIFIER = br.com.simim.FoodlyUITests;
				PRODUCT_NAME = "$(TARGET_NAME)";
				SWIFT_EMIT_LOC_STRINGS = NO;
				SWIFT_VERSION = 5.0;
				TARGETED_DEVICE_FAMILY = "1,2";
				TEST_TARGET_NAME = Foodly;
			};
			name = Debug;
		};
		A30261E12911876A00E707C6 /* Release */ = {
			isa = XCBuildConfiguration;
			baseConfigurationReference = 280B83A1EB1F41BCBCB2C1A3 /* Pods-Foodly-FoodlyUITests.release.xcconfig */;
			buildSettings = {
				ALWAYS_EMBED_SWIFT_STANDARD_LIBRARIES = YES;
				CODE_SIGN_STYLE = Automatic;
				CURRENT_PROJECT_VERSION = 1;
				DEVELOPMENT_TEAM = GM2YUUZ32A;
				GENERATE_INFOPLIST_FILE = YES;
				MARKETING_VERSION = 1.0;
				PRODUCT_BUNDLE_IDENTIFIER = br.com.simim.FoodlyUITests;
				PRODUCT_NAME = "$(TARGET_NAME)";
				SWIFT_EMIT_LOC_STRINGS = NO;
				SWIFT_VERSION = 5.0;
				TARGETED_DEVICE_FAMILY = "1,2";
				TEST_TARGET_NAME = Foodly;
			};
			name = Release;
		};
/* End XCBuildConfiguration section */

/* Begin XCConfigurationList section */
		A30261AA2911876700E707C6 /* Build configuration list for PBXProject "Foodly" */ = {
			isa = XCConfigurationList;
			buildConfigurations = (
				A30261D72911876A00E707C6 /* Debug */,
				A30261D82911876A00E707C6 /* Release */,
			);
			defaultConfigurationIsVisible = 0;
			defaultConfigurationName = Release;
		};
		A30261D92911876A00E707C6 /* Build configuration list for PBXNativeTarget "Foodly" */ = {
			isa = XCConfigurationList;
			buildConfigurations = (
				A30261DA2911876A00E707C6 /* Debug */,
				A30261DB2911876A00E707C6 /* Release */,
			);
			defaultConfigurationIsVisible = 0;
			defaultConfigurationName = Release;
		};
		A30261DC2911876A00E707C6 /* Build configuration list for PBXNativeTarget "FoodlyTests" */ = {
			isa = XCConfigurationList;
			buildConfigurations = (
				A30261DD2911876A00E707C6 /* Debug */,
				A30261DE2911876A00E707C6 /* Release */,
			);
			defaultConfigurationIsVisible = 0;
			defaultConfigurationName = Release;
		};
		A30261DF2911876A00E707C6 /* Build configuration list for PBXNativeTarget "FoodlyUITests" */ = {
			isa = XCConfigurationList;
			buildConfigurations = (
				A30261E02911876A00E707C6 /* Debug */,
				A30261E12911876A00E707C6 /* Release */,
			);
			defaultConfigurationIsVisible = 0;
			defaultConfigurationName = Release;
		};
/* End XCConfigurationList section */
	};
	rootObject = A30261A72911876700E707C6 /* Project object */;
}
